
Microsoft Visual Studio Solution File, Format Version 12.00
# Visual Studio Version 17
VisualStudioVersion = 17.0.31903.59
MinimumVisualStudioVersion = 10.0.40219.1
Project("{FAE04EC0-301F-11D3-BF4B-00C04F79EFBC}") = "Tempo", "Tempo\Tempo.csproj", "{2E6DFC82-BCD9-4326-B5DC-7F2B9AC7DECC}"
EndProject
Project("{FAE04EC0-301F-11D3-BF4B-00C04F79EFBC}") = "RandomTest", "RandomTest\RandomTest.csproj", "{A4EA08C2-B730-4EB9-AAAB-93FC46309740}"
EndProject
Project("{FAE04EC0-301F-11D3-BF4B-00C04F79EFBC}") = "RandomDice", "RandomDice\RandomDice.csproj", "{A6EBB0A2-9ABE-45B6-A297-1428C99C36AE}"
EndProject
Global
	GlobalSection(SolutionConfigurationPlatforms) = preSolution
		Debug|Any CPU = Debug|Any CPU
		Release|Any CPU = Release|Any CPU
	EndGlobalSection
	GlobalSection(SolutionProperties) = preSolution
		HideSolutionNode = FALSE
	EndGlobalSection
	GlobalSection(ProjectConfigurationPlatforms) = postSolution
		{2E6DFC82-BCD9-4326-B5DC-7F2B9AC7DECC}.Debug|Any CPU.ActiveCfg = Debug|Any CPU
		{2E6DFC82-BCD9-4326-B5DC-7F2B9AC7DECC}.Debug|Any CPU.Build.0 = Debug|Any CPU
		{2E6DFC82-BCD9-4326-B5DC-7F2B9AC7DECC}.Release|Any CPU.ActiveCfg = Release|Any CPU
		{2E6DFC82-BCD9-4326-B5DC-7F2B9AC7DECC}.Release|Any CPU.Build.0 = Release|Any CPU
		{A4EA08C2-B730-4EB9-AAAB-93FC46309740}.Debug|Any CPU.ActiveCfg = Debug|Any CPU
		{A4EA08C2-B730-4EB9-AAAB-93FC46309740}.Debug|Any CPU.Build.0 = Debug|Any CPU
		{A4EA08C2-B730-4EB9-AAAB-93FC46309740}.Release|Any CPU.ActiveCfg = Release|Any CPU
		{A4EA08C2-B730-4EB9-AAAB-93FC46309740}.Release|Any CPU.Build.0 = Release|Any CPU
		{A6EBB0A2-9ABE-45B6-A297-1428C99C36AE}.Debug|Any CPU.ActiveCfg = Debug|Any CPU
		{A6EBB0A2-9ABE-45B6-A297-1428C99C36AE}.Debug|Any CPU.Build.0 = Debug|Any CPU
		{A6EBB0A2-9ABE-45B6-A297-1428C99C36AE}.Release|Any CPU.ActiveCfg = Release|Any CPU
		{A6EBB0A2-9ABE-45B6-A297-1428C99C36AE}.Release|Any CPU.Build.0 = Release|Any CPU
	EndGlobalSection
EndGlobal
